
Microsoft Visual Studio Solution File, Format Version 12.00
# Visual Studio Version 17
VisualStudioVersion = 17.11.35222.181
MinimumVisualStudioVersion = 10.0.40219.1
Project("{FAE04EC0-301F-11D3-BF4B-00C04F79EFBC}") = "TDPRegistrationsAPI.Web", "TDPRegistrationsAPI.Web\TDPRegistrationsAPI.Web.csproj", "{8DB7D0FA-6E69-4116-AE44-4A499E12A3D0}"
EndProject
Project("{FAE04EC0-301F-11D3-BF4B-00C04F79EFBC}") = "TDPRegistrations.Infrastracture", "TDPRegistrations.Infrastracture\TDPRegistrations.Infrastracture.csproj", "{68595455-0662-4068-A783-A743034F745A}"
EndProject
Project("{FAE04EC0-301F-11D3-BF4B-00C04F79EFBC}") = "TDPRegistrations.Core", "TDPRegistrations.Core\TDPRegistrations.Core.csproj", "{0B17A8A2-BC2A-436B-92EE-97D3D8E2346E}"
EndProject
Global
	GlobalSection(SolutionConfigurationPlatforms) = preSolution
		Debug|Any CPU = Debug|Any CPU
		Release|Any CPU = Release|Any CPU
	EndGlobalSection
	GlobalSection(ProjectConfigurationPlatforms) = postSolution
		{8DB7D0FA-6E69-4116-AE44-4A499E12A3D0}.Debug|Any CPU.ActiveCfg = Debug|Any CPU
		{8DB7D0FA-6E69-4116-AE44-4A499E12A3D0}.Debug|Any CPU.Build.0 = Debug|Any CPU
		{8DB7D0FA-6E69-4116-AE44-4A499E12A3D0}.Release|Any CPU.ActiveCfg = Release|Any CPU
		{8DB7D0FA-6E69-4116-AE44-4A499E12A3D0}.Release|Any CPU.Build.0 = Release|Any CPU
		{68595455-0662-4068-A783-A743034F745A}.Debug|Any CPU.ActiveCfg = Debug|Any CPU
		{68595455-0662-4068-A783-A743034F745A}.Debug|Any CPU.Build.0 = Debug|Any CPU
		{68595455-0662-4068-A783-A743034F745A}.Release|Any CPU.ActiveCfg = Release|Any CPU
		{68595455-0662-4068-A783-A743034F745A}.Release|Any CPU.Build.0 = Release|Any CPU
		{0B17A8A2-BC2A-436B-92EE-97D3D8E2346E}.Debug|Any CPU.ActiveCfg = Debug|Any CPU
		{0B17A8A2-BC2A-436B-92EE-97D3D8E2346E}.Debug|Any CPU.Build.0 = Debug|Any CPU
		{0B17A8A2-BC2A-436B-92EE-97D3D8E2346E}.Release|Any CPU.ActiveCfg = Release|Any CPU
		{0B17A8A2-BC2A-436B-92EE-97D3D8E2346E}.Release|Any CPU.Build.0 = Release|Any CPU
	EndGlobalSection
	GlobalSection(SolutionProperties) = preSolution
		HideSolutionNode = FALSE
	EndGlobalSection
	GlobalSection(ExtensibilityGlobals) = postSolution
		SolutionGuid = {7241665D-A77E-43F9-8EEC-975DB118DBCC}
	EndGlobalSection
EndGlobal
